
Microsoft Visual Studio Solution File, Format Version 12.00
# Visual Studio Version 16
VisualStudioVersion = 16.0.31729.503
MinimumVisualStudioVersion = 10.0.40219.1
Project("{2150E333-8FDC-42A3-9474-1A3956D46DE8}") = "assemblies", "assemblies", "{B1E6CF1F-BD69-4A99-981E-9EA903D67456}"
EndProject
Project("{9A19103F-16F7-4668-BE54-9A1E7A4F7556}") = "BinaryStudio.PlatformUI", "assemblies\BinaryStudio.PlatformUI\BinaryStudio.PlatformUI.csproj", "{E78C96D6-EE44-4883-865B-9525408E6BAC}"
EndProject
Project("{9A19103F-16F7-4668-BE54-9A1E7A4F7556}") = "BinaryStudio.DataProcessing", "assemblies\BinaryStudio.DataProcessing\BinaryStudio.DataProcessing.csproj", "{96F2ABF1-2D82-4DFE-AB4F-FC5A27A9B586}"
EndProject
Project("{9A19103F-16F7-4668-BE54-9A1E7A4F7556}") = "shell", "shell\shell.csproj", "{B7D7E5D7-6452-4776-9129-155D3DDEA5ED}"
EndProject
Project("{9A19103F-16F7-4668-BE54-9A1E7A4F7556}") = "BinaryStudio.Diagnostics", "assemblies\BinaryStudio.Diagnostics\BinaryStudio.Diagnostics.csproj", "{4CEEB6E0-DE05-4DD3-8814-584C5CE3E2C8}"
EndProject
Project("{9A19103F-16F7-4668-BE54-9A1E7A4F7556}") = "BinaryStudio.DirectoryServices", "assemblies\BinaryStudio.DirectoryServices\BinaryStudio.DirectoryServices.csproj", "{42B2C30B-B9BB-42DF-AAB6-BB557E7749F5}"
EndProject
Project("{9A19103F-16F7-4668-BE54-9A1E7A4F7556}") = "BinaryStudio.IO", "assemblies\BinaryStudio.IO\BinaryStudio.IO.csproj", "{7A470CB7-5FA9-4424-8F9E-DA485790045F}"
EndProject
Project("{9A19103F-16F7-4668-BE54-9A1E7A4F7556}") = "BinaryStudio.PlatformComponents", "assemblies\BinaryStudio.PlatformComponents\BinaryStudio.PlatformComponents.csproj", "{C20477F0-729F-4625-B496-56B11AE02E6B}"
EndProject
Project("{9A19103F-16F7-4668-BE54-9A1E7A4F7556}") = "BinaryStudio.Security.Cryptography", "assemblies\BinaryStudio.Security.Cryptography\BinaryStudio.Security.Cryptography.csproj", "{727C68C2-8CFF-4D56-B5DC-00F359B88A1B}"
EndProject
Project("{9A19103F-16F7-4668-BE54-9A1E7A4F7556}") = "BinaryStudio.Serialization", "assemblies\BinaryStudio.Serialization\BinaryStudio.Serialization.csproj", "{0FBE7DDF-E527-4023-9A85-6AC8E2368714}"
EndProject
Project("{9A19103F-16F7-4668-BE54-9A1E7A4F7556}") = "BinaryStudio.Security.Cryptography.AbstractSyntaxNotation", "assemblies\BinaryStudio.Security.Cryptography.AbstractSyntaxNotation\BinaryStudio.Security.Cryptography.AbstractSyntaxNotation.csproj", "{0B7AEC07-5746-4A0B-A987-AF90DE6100DF}"
	ProjectSection(ProjectDependencies) = postProject
		{880E028F-C3F7-44A2-9B9C-2DB3E593A1E6} = {880E028F-C3F7-44A2-9B9C-2DB3E593A1E6}
	EndProjectSection
EndProject
Project("{9A19103F-16F7-4668-BE54-9A1E7A4F7556}") = "BinaryStudio.Security.Cryptography.Certificates", "assemblies\BinaryStudio.Security.Cryptography.Certificates\BinaryStudio.Security.Cryptography.Certificates.csproj", "{CDF4B726-43EA-4E5D-A02F-D31D20D3E13E}"
EndProject
Project("{9A19103F-16F7-4668-BE54-9A1E7A4F7556}") = "BinaryStudio.Security.Cryptography.CryptographicMessageSyntax", "assemblies\BinaryStudio.Security.Cryptography.CryptographicMessageSyntax\BinaryStudio.Security.Cryptography.CryptographicMessageSyntax.csproj", "{A622507C-F7BE-4AB4-A491-11033482FDA4}"
	ProjectSection(ProjectDependencies) = postProject
		{D3F023C2-86DC-4A3C-9F2F-5E1BC69B13E6} = {D3F023C2-86DC-4A3C-9F2F-5E1BC69B13E6}
	EndProjectSection
EndProject
Project("{9A19103F-16F7-4668-BE54-9A1E7A4F7556}") = "BinaryStudio.Security.Cryptography.Xml", "assemblies\BinaryStudio.Security.Cryptography.Xml\BinaryStudio.Security.Cryptography.Xml.csproj", "{4A88C55A-F8EE-4B96-AAF1-F667618E56FB}"
EndProject
Project("{9A19103F-16F7-4668-BE54-9A1E7A4F7556}") = "BinaryStudio.Security.Cryptography.CryptographyServiceProvider", "assemblies\BinaryStudio.Security.Cryptography.CryptographyServiceProvider\BinaryStudio.Security.Cryptography.CryptographyServiceProvider.csproj", "{AEF9DC89-5367-4ECA-BC9F-E56B79C477F9}"
EndProject
Project("{9A19103F-16F7-4668-BE54-9A1E7A4F7556}") = "BinaryStudio.PortableExecutable", "assemblies\BinaryStudio.PortableExecutable\BinaryStudio.PortableExecutable.csproj", "{4C25F746-9B9C-4F23-A145-80DDFC58FABF}"
EndProject
Project("{9A19103F-16F7-4668-BE54-9A1E7A4F7556}") = "BinaryStudio.Security.Cryptography.PlatformUI", "assemblies\BinaryStudio.Security.Cryptography.PlatformUI\BinaryStudio.Security.Cryptography.PlatformUI.csproj", "{71AE850B-0833-4690-AD9C-09B6C8F479AE}"
EndProject
Project("{2150E333-8FDC-42A3-9474-1A3956D46DE8}") = "Solution Items", "Solution Items", "{8E15BC6C-880D-4718-A83F-056B6E0D38F1}"
	ProjectSection(SolutionItems) = preProject
		.editorconfig = .editorconfig
	EndProjectSection
EndProject
Project("{2150E333-8FDC-42A3-9474-1A3956D46DE8}") = "scripts", "scripts", "{EE3818D1-4B9C-4CA4-AE2D-A1A5CE761177}"
	ProjectSection(SolutionItems) = preProject
		..\..\scripts\crypt_fetch_bd_certificates_1.0.112.ps1 = ..\..\scripts\crypt_fetch_bd_certificates_1.0.112.ps1
		..\..\scripts\xmldoc-en.xslt = ..\..\scripts\xmldoc-en.xslt
		..\..\scripts\xmldoc-ru.xslt = ..\..\scripts\xmldoc-ru.xslt
	EndProjectSection
EndProject
Project("{9A19103F-16F7-4668-BE54-9A1E7A4F7556}") = "xslt", "xslt\xslt.csproj", "{880E028F-C3F7-44A2-9B9C-2DB3E593A1E6}"
EndProject
Project("{9A19103F-16F7-4668-BE54-9A1E7A4F7556}") = "xdoc", "xdoc\xdoc.csproj", "{D3F023C2-86DC-4A3C-9F2F-5E1BC69B13E6}"
EndProject
Project("{9A19103F-16F7-4668-BE54-9A1E7A4F7556}") = "BinaryStudio.Modeling.UnifiedModelingLanguage", "assemblies\BinaryStudio.Modeling.UnifiedModelingLanguage\BinaryStudio.Modeling.UnifiedModelingLanguage.csproj", "{E368B305-009D-4865-A918-192BD36F8E7E}"
EndProject
Project("{2150E333-8FDC-42A3-9474-1A3956D46DE8}") = "help", "help", "{5B516DF8-E90D-4B78-BD57-E3F326B26703}"
EndProject
Project("{9A19103F-16F7-4668-BE54-9A1E7A4F7556}") = "xhlp", "xhlp\xhlp.csproj", "{1353C39D-904A-47DD-9465-B6DE324310B1}"
EndProject
Project("{9A19103F-16F7-4668-BE54-9A1E7A4F7556}") = "kit", "kit\kit.csproj", "{1952BB75-63CC-49CD-B0B4-47D23E1FAF29}"
EndProject
Project("{00D1A9C2-B5F0-4AF3-8072-F6C62B433612}") = "BinaryStudio.Security.Cryptography.Interchange.Database", "assemblies\BinaryStudio.Security.Cryptography.Interchange.Database\BinaryStudio.Security.Cryptography.Interchange.Database.sqlproj", "{1A9A3DFB-2666-4ACD-A12A-2CA5E7279CC4}"
EndProject
Project("{9A19103F-16F7-4668-BE54-9A1E7A4F7556}") = "BinaryStudio.Security.Cryptography.Interchange", "assemblies\BinaryStudio.Security.Cryptography.Interchange\BinaryStudio.Security.Cryptography.Interchange.csproj", "{5CE2299C-7BB0-4CC4-881D-548002113443}"
EndProject
Project("{9A19103F-16F7-4668-BE54-9A1E7A4F7556}") = "BinaryStudio.Security.XAdES", "assemblies\BinaryStudio.Security.XAdES\BinaryStudio.Security.XAdES.csproj", "{6ECF55DD-F146-43DD-AC13-A547F3936DB5}"
EndProject
Project("{9A19103F-16F7-4668-BE54-9A1E7A4F7556}") = "BinaryStudio.Numeric", "assemblies\BinaryStudio.Numeric\BinaryStudio.Numeric.csproj", "{52CC24C1-3328-4604-BAAA-0AF7537F3B96}"
EndProject
Project("{2150E333-8FDC-42A3-9474-1A3956D46DE8}") = "tests", "tests", "{348B518C-5B07-4ED6-8FF7-90CDC42ECCA2}"
EndProject
Project("{9A19103F-16F7-4668-BE54-9A1E7A4F7556}") = "UnitTests.BinaryStudio.Numeric", "testing\UnitTests.BinaryStudio.Numeric\UnitTests.BinaryStudio.Numeric.csproj", "{96C03EEB-603C-48D4-BE40-E4881B5FA4FF}"
EndProject
Project("{FAE04EC0-301F-11D3-BF4B-00C04F79EFBC}") = "srv", "srv\srv.csproj", "{73DC34C3-AC26-4C94-BEB5-1226114DFC54}"
EndProject
Global
	GlobalSection(SolutionConfigurationPlatforms) = preSolution
		Debug|Any CPU = Debug|Any CPU
		Release|Any CPU = Release|Any CPU
	EndGlobalSection
	GlobalSection(ProjectConfigurationPlatforms) = postSolution
		{E78C96D6-EE44-4883-865B-9525408E6BAC}.Debug|Any CPU.ActiveCfg = Debug|Any CPU
		{E78C96D6-EE44-4883-865B-9525408E6BAC}.Debug|Any CPU.Build.0 = Debug|Any CPU
		{E78C96D6-EE44-4883-865B-9525408E6BAC}.Release|Any CPU.ActiveCfg = Release|Any CPU
		{E78C96D6-EE44-4883-865B-9525408E6BAC}.Release|Any CPU.Build.0 = Release|Any CPU
		{96F2ABF1-2D82-4DFE-AB4F-FC5A27A9B586}.Debug|Any CPU.ActiveCfg = Debug|Any CPU
		{96F2ABF1-2D82-4DFE-AB4F-FC5A27A9B586}.Debug|Any CPU.Build.0 = Debug|Any CPU
		{96F2ABF1-2D82-4DFE-AB4F-FC5A27A9B586}.Release|Any CPU.ActiveCfg = Release|Any CPU
		{96F2ABF1-2D82-4DFE-AB4F-FC5A27A9B586}.Release|Any CPU.Build.0 = Release|Any CPU
		{B7D7E5D7-6452-4776-9129-155D3DDEA5ED}.Debug|Any CPU.ActiveCfg = Debug|Any CPU
		{B7D7E5D7-6452-4776-9129-155D3DDEA5ED}.Debug|Any CPU.Build.0 = Debug|Any CPU
		{B7D7E5D7-6452-4776-9129-155D3DDEA5ED}.Release|Any CPU.ActiveCfg = Release|Any CPU
		{B7D7E5D7-6452-4776-9129-155D3DDEA5ED}.Release|Any CPU.Build.0 = Release|Any CPU
		{4CEEB6E0-DE05-4DD3-8814-584C5CE3E2C8}.Debug|Any CPU.ActiveCfg = Debug|Any CPU
		{4CEEB6E0-DE05-4DD3-8814-584C5CE3E2C8}.Debug|Any CPU.Build.0 = Debug|Any CPU
		{4CEEB6E0-DE05-4DD3-8814-584C5CE3E2C8}.Release|Any CPU.ActiveCfg = Release|Any CPU
		{4CEEB6E0-DE05-4DD3-8814-584C5CE3E2C8}.Release|Any CPU.Build.0 = Release|Any CPU
		{42B2C30B-B9BB-42DF-AAB6-BB557E7749F5}.Debug|Any CPU.ActiveCfg = Debug|Any CPU
		{42B2C30B-B9BB-42DF-AAB6-BB557E7749F5}.Debug|Any CPU.Build.0 = Debug|Any CPU
		{42B2C30B-B9BB-42DF-AAB6-BB557E7749F5}.Release|Any CPU.ActiveCfg = Release|Any CPU
		{42B2C30B-B9BB-42DF-AAB6-BB557E7749F5}.Release|Any CPU.Build.0 = Release|Any CPU
		{7A470CB7-5FA9-4424-8F9E-DA485790045F}.Debug|Any CPU.ActiveCfg = Debug|Any CPU
		{7A470CB7-5FA9-4424-8F9E-DA485790045F}.Debug|Any CPU.Build.0 = Debug|Any CPU
		{7A470CB7-5FA9-4424-8F9E-DA485790045F}.Release|Any CPU.ActiveCfg = Release|Any CPU
		{7A470CB7-5FA9-4424-8F9E-DA485790045F}.Release|Any CPU.Build.0 = Release|Any CPU
		{C20477F0-729F-4625-B496-56B11AE02E6B}.Debug|Any CPU.ActiveCfg = Debug|Any CPU
		{C20477F0-729F-4625-B496-56B11AE02E6B}.Debug|Any CPU.Build.0 = Debug|Any CPU
		{C20477F0-729F-4625-B496-56B11AE02E6B}.Release|Any CPU.ActiveCfg = Release|Any CPU
		{C20477F0-729F-4625-B496-56B11AE02E6B}.Release|Any CPU.Build.0 = Release|Any CPU
		{727C68C2-8CFF-4D56-B5DC-00F359B88A1B}.Debug|Any CPU.ActiveCfg = Debug|Any CPU
		{727C68C2-8CFF-4D56-B5DC-00F359B88A1B}.Debug|Any CPU.Build.0 = Debug|Any CPU
		{727C68C2-8CFF-4D56-B5DC-00F359B88A1B}.Release|Any CPU.ActiveCfg = Release|Any CPU
		{727C68C2-8CFF-4D56-B5DC-00F359B88A1B}.Release|Any CPU.Build.0 = Release|Any CPU
		{0FBE7DDF-E527-4023-9A85-6AC8E2368714}.Debug|Any CPU.ActiveCfg = Debug|Any CPU
		{0FBE7DDF-E527-4023-9A85-6AC8E2368714}.Debug|Any CPU.Build.0 = Debug|Any CPU
		{0FBE7DDF-E527-4023-9A85-6AC8E2368714}.Release|Any CPU.ActiveCfg = Release|Any CPU
		{0FBE7DDF-E527-4023-9A85-6AC8E2368714}.Release|Any CPU.Build.0 = Release|Any CPU
		{0B7AEC07-5746-4A0B-A987-AF90DE6100DF}.Debug|Any CPU.ActiveCfg = Debug|Any CPU
		{0B7AEC07-5746-4A0B-A987-AF90DE6100DF}.Debug|Any CPU.Build.0 = Debug|Any CPU
		{0B7AEC07-5746-4A0B-A987-AF90DE6100DF}.Release|Any CPU.ActiveCfg = Release|Any CPU
		{0B7AEC07-5746-4A0B-A987-AF90DE6100DF}.Release|Any CPU.Build.0 = Release|Any CPU
		{CDF4B726-43EA-4E5D-A02F-D31D20D3E13E}.Debug|Any CPU.ActiveCfg = Debug|Any CPU
		{CDF4B726-43EA-4E5D-A02F-D31D20D3E13E}.Debug|Any CPU.Build.0 = Debug|Any CPU
		{CDF4B726-43EA-4E5D-A02F-D31D20D3E13E}.Release|Any CPU.ActiveCfg = Release|Any CPU
		{CDF4B726-43EA-4E5D-A02F-D31D20D3E13E}.Release|Any CPU.Build.0 = Release|Any CPU
		{A622507C-F7BE-4AB4-A491-11033482FDA4}.Debug|Any CPU.ActiveCfg = Debug|Any CPU
		{A622507C-F7BE-4AB4-A491-11033482FDA4}.Debug|Any CPU.Build.0 = Debug|Any CPU
		{A622507C-F7BE-4AB4-A491-11033482FDA4}.Release|Any CPU.ActiveCfg = Release|Any CPU
		{A622507C-F7BE-4AB4-A491-11033482FDA4}.Release|Any CPU.Build.0 = Release|Any CPU
		{4A88C55A-F8EE-4B96-AAF1-F667618E56FB}.Debug|Any CPU.ActiveCfg = Debug|Any CPU
		{4A88C55A-F8EE-4B96-AAF1-F667618E56FB}.Debug|Any CPU.Build.0 = Debug|Any CPU
		{4A88C55A-F8EE-4B96-AAF1-F667618E56FB}.Release|Any CPU.ActiveCfg = Release|Any CPU
		{4A88C55A-F8EE-4B96-AAF1-F667618E56FB}.Release|Any CPU.Build.0 = Release|Any CPU
		{AEF9DC89-5367-4ECA-BC9F-E56B79C477F9}.Debug|Any CPU.ActiveCfg = Debug|Any CPU
		{AEF9DC89-5367-4ECA-BC9F-E56B79C477F9}.Debug|Any CPU.Build.0 = Debug|Any CPU
		{AEF9DC89-5367-4ECA-BC9F-E56B79C477F9}.Release|Any CPU.ActiveCfg = Release|Any CPU
		{AEF9DC89-5367-4ECA-BC9F-E56B79C477F9}.Release|Any CPU.Build.0 = Release|Any CPU
		{4C25F746-9B9C-4F23-A145-80DDFC58FABF}.Debug|Any CPU.ActiveCfg = Debug|Any CPU
		{4C25F746-9B9C-4F23-A145-80DDFC58FABF}.Debug|Any CPU.Build.0 = Debug|Any CPU
		{4C25F746-9B9C-4F23-A145-80DDFC58FABF}.Release|Any CPU.ActiveCfg = Release|Any CPU
		{4C25F746-9B9C-4F23-A145-80DDFC58FABF}.Release|Any CPU.Build.0 = Release|Any CPU
		{71AE850B-0833-4690-AD9C-09B6C8F479AE}.Debug|Any CPU.ActiveCfg = Debug|Any CPU
		{71AE850B-0833-4690-AD9C-09B6C8F479AE}.Debug|Any CPU.Build.0 = Debug|Any CPU
		{71AE850B-0833-4690-AD9C-09B6C8F479AE}.Release|Any CPU.ActiveCfg = Release|Any CPU
		{71AE850B-0833-4690-AD9C-09B6C8F479AE}.Release|Any CPU.Build.0 = Release|Any CPU
		{880E028F-C3F7-44A2-9B9C-2DB3E593A1E6}.Debug|Any CPU.ActiveCfg = Debug|Any CPU
		{880E028F-C3F7-44A2-9B9C-2DB3E593A1E6}.Debug|Any CPU.Build.0 = Debug|Any CPU
		{880E028F-C3F7-44A2-9B9C-2DB3E593A1E6}.Release|Any CPU.ActiveCfg = Release|Any CPU
		{880E028F-C3F7-44A2-9B9C-2DB3E593A1E6}.Release|Any CPU.Build.0 = Release|Any CPU
		{D3F023C2-86DC-4A3C-9F2F-5E1BC69B13E6}.Debug|Any CPU.ActiveCfg = Debug|Any CPU
		{D3F023C2-86DC-4A3C-9F2F-5E1BC69B13E6}.Debug|Any CPU.Build.0 = Debug|Any CPU
		{D3F023C2-86DC-4A3C-9F2F-5E1BC69B13E6}.Release|Any CPU.ActiveCfg = Release|Any CPU
		{D3F023C2-86DC-4A3C-9F2F-5E1BC69B13E6}.Release|Any CPU.Build.0 = Release|Any CPU
		{E368B305-009D-4865-A918-192BD36F8E7E}.Debug|Any CPU.ActiveCfg = Debug|Any CPU
		{E368B305-009D-4865-A918-192BD36F8E7E}.Debug|Any CPU.Build.0 = Debug|Any CPU
		{E368B305-009D-4865-A918-192BD36F8E7E}.Release|Any CPU.ActiveCfg = Release|Any CPU
		{E368B305-009D-4865-A918-192BD36F8E7E}.Release|Any CPU.Build.0 = Release|Any CPU
		{1353C39D-904A-47DD-9465-B6DE324310B1}.Debug|Any CPU.ActiveCfg = Debug|Any CPU
		{1353C39D-904A-47DD-9465-B6DE324310B1}.Debug|Any CPU.Build.0 = Debug|Any CPU
		{1353C39D-904A-47DD-9465-B6DE324310B1}.Release|Any CPU.ActiveCfg = Release|Any CPU
		{1353C39D-904A-47DD-9465-B6DE324310B1}.Release|Any CPU.Build.0 = Release|Any CPU
		{1952BB75-63CC-49CD-B0B4-47D23E1FAF29}.Debug|Any CPU.ActiveCfg = Debug|Any CPU
		{1952BB75-63CC-49CD-B0B4-47D23E1FAF29}.Debug|Any CPU.Build.0 = Debug|Any CPU
		{1952BB75-63CC-49CD-B0B4-47D23E1FAF29}.Release|Any CPU.ActiveCfg = Release|Any CPU
		{1952BB75-63CC-49CD-B0B4-47D23E1FAF29}.Release|Any CPU.Build.0 = Release|Any CPU
		{1A9A3DFB-2666-4ACD-A12A-2CA5E7279CC4}.Debug|Any CPU.ActiveCfg = Debug|Any CPU
		{1A9A3DFB-2666-4ACD-A12A-2CA5E7279CC4}.Debug|Any CPU.Build.0 = Debug|Any CPU
		{1A9A3DFB-2666-4ACD-A12A-2CA5E7279CC4}.Debug|Any CPU.Deploy.0 = Debug|Any CPU
		{1A9A3DFB-2666-4ACD-A12A-2CA5E7279CC4}.Release|Any CPU.ActiveCfg = Release|Any CPU
		{1A9A3DFB-2666-4ACD-A12A-2CA5E7279CC4}.Release|Any CPU.Build.0 = Release|Any CPU
		{1A9A3DFB-2666-4ACD-A12A-2CA5E7279CC4}.Release|Any CPU.Deploy.0 = Release|Any CPU
		{5CE2299C-7BB0-4CC4-881D-548002113443}.Debug|Any CPU.ActiveCfg = Debug|Any CPU
		{5CE2299C-7BB0-4CC4-881D-548002113443}.Debug|Any CPU.Build.0 = Debug|Any CPU
		{5CE2299C-7BB0-4CC4-881D-548002113443}.Release|Any CPU.ActiveCfg = Release|Any CPU
		{5CE2299C-7BB0-4CC4-881D-548002113443}.Release|Any CPU.Build.0 = Release|Any CPU
		{6ECF55DD-F146-43DD-AC13-A547F3936DB5}.Debug|Any CPU.ActiveCfg = Debug|Any CPU
		{6ECF55DD-F146-43DD-AC13-A547F3936DB5}.Debug|Any CPU.Build.0 = Debug|Any CPU
		{6ECF55DD-F146-43DD-AC13-A547F3936DB5}.Release|Any CPU.ActiveCfg = Release|Any CPU
		{6ECF55DD-F146-43DD-AC13-A547F3936DB5}.Release|Any CPU.Build.0 = Release|Any CPU
		{52CC24C1-3328-4604-BAAA-0AF7537F3B96}.Debug|Any CPU.ActiveCfg = Debug|Any CPU
		{52CC24C1-3328-4604-BAAA-0AF7537F3B96}.Debug|Any CPU.Build.0 = Debug|Any CPU
		{52CC24C1-3328-4604-BAAA-0AF7537F3B96}.Release|Any CPU.ActiveCfg = Release|Any CPU
		{52CC24C1-3328-4604-BAAA-0AF7537F3B96}.Release|Any CPU.Build.0 = Release|Any CPU
		{96C03EEB-603C-48D4-BE40-E4881B5FA4FF}.Debug|Any CPU.ActiveCfg = Debug|Any CPU
		{96C03EEB-603C-48D4-BE40-E4881B5FA4FF}.Debug|Any CPU.Build.0 = Debug|Any CPU
		{96C03EEB-603C-48D4-BE40-E4881B5FA4FF}.Release|Any CPU.ActiveCfg = Release|Any CPU
		{96C03EEB-603C-48D4-BE40-E4881B5FA4FF}.Release|Any CPU.Build.0 = Release|Any CPU
		{73DC34C3-AC26-4C94-BEB5-1226114DFC54}.Debug|Any CPU.ActiveCfg = Debug|Any CPU
		{73DC34C3-AC26-4C94-BEB5-1226114DFC54}.Debug|Any CPU.Build.0 = Debug|Any CPU
		{73DC34C3-AC26-4C94-BEB5-1226114DFC54}.Release|Any CPU.ActiveCfg = Release|Any CPU
		{73DC34C3-AC26-4C94-BEB5-1226114DFC54}.Release|Any CPU.Build.0 = Release|Any CPU
	EndGlobalSection
	GlobalSection(SolutionProperties) = preSolution
		HideSolutionNode = FALSE
	EndGlobalSection
	GlobalSection(NestedProjects) = preSolution
		{E78C96D6-EE44-4883-865B-9525408E6BAC} = {B1E6CF1F-BD69-4A99-981E-9EA903D67456}
		{96F2ABF1-2D82-4DFE-AB4F-FC5A27A9B586} = {B1E6CF1F-BD69-4A99-981E-9EA903D67456}
		{4CEEB6E0-DE05-4DD3-8814-584C5CE3E2C8} = {B1E6CF1F-BD69-4A99-981E-9EA903D67456}
		{42B2C30B-B9BB-42DF-AAB6-BB557E7749F5} = {B1E6CF1F-BD69-4A99-981E-9EA903D67456}
		{7A470CB7-5FA9-4424-8F9E-DA485790045F} = {B1E6CF1F-BD69-4A99-981E-9EA903D67456}
		{C20477F0-729F-4625-B496-56B11AE02E6B} = {B1E6CF1F-BD69-4A99-981E-9EA903D67456}
		{727C68C2-8CFF-4D56-B5DC-00F359B88A1B} = {B1E6CF1F-BD69-4A99-981E-9EA903D67456}
		{0FBE7DDF-E527-4023-9A85-6AC8E2368714} = {B1E6CF1F-BD69-4A99-981E-9EA903D67456}
		{0B7AEC07-5746-4A0B-A987-AF90DE6100DF} = {B1E6CF1F-BD69-4A99-981E-9EA903D67456}
		{CDF4B726-43EA-4E5D-A02F-D31D20D3E13E} = {B1E6CF1F-BD69-4A99-981E-9EA903D67456}
		{A622507C-F7BE-4AB4-A491-11033482FDA4} = {B1E6CF1F-BD69-4A99-981E-9EA903D67456}
		{4A88C55A-F8EE-4B96-AAF1-F667618E56FB} = {B1E6CF1F-BD69-4A99-981E-9EA903D67456}
		{AEF9DC89-5367-4ECA-BC9F-E56B79C477F9} = {B1E6CF1F-BD69-4A99-981E-9EA903D67456}
		{4C25F746-9B9C-4F23-A145-80DDFC58FABF} = {B1E6CF1F-BD69-4A99-981E-9EA903D67456}
		{71AE850B-0833-4690-AD9C-09B6C8F479AE} = {B1E6CF1F-BD69-4A99-981E-9EA903D67456}
		{E368B305-009D-4865-A918-192BD36F8E7E} = {B1E6CF1F-BD69-4A99-981E-9EA903D67456}
		{1353C39D-904A-47DD-9465-B6DE324310B1} = {5B516DF8-E90D-4B78-BD57-E3F326B26703}
		{1A9A3DFB-2666-4ACD-A12A-2CA5E7279CC4} = {B1E6CF1F-BD69-4A99-981E-9EA903D67456}
		{5CE2299C-7BB0-4CC4-881D-548002113443} = {B1E6CF1F-BD69-4A99-981E-9EA903D67456}
		{6ECF55DD-F146-43DD-AC13-A547F3936DB5} = {B1E6CF1F-BD69-4A99-981E-9EA903D67456}
		{52CC24C1-3328-4604-BAAA-0AF7537F3B96} = {B1E6CF1F-BD69-4A99-981E-9EA903D67456}
		{96C03EEB-603C-48D4-BE40-E4881B5FA4FF} = {348B518C-5B07-4ED6-8FF7-90CDC42ECCA2}
	EndGlobalSection
	GlobalSection(ExtensibilityGlobals) = postSolution
		SolutionGuid = {A1470102-A940-48D5-B2FE-92674D2DE414}
	EndGlobalSection
EndGlobal
