
Microsoft Visual Studio Solution File, Format Version 12.00
# Visual Studio Version 16
VisualStudioVersion = 16.0.31729.503
MinimumVisualStudioVersion = 10.0.40219.1
Project("{2150E333-8FDC-42A3-9474-1A3956D46DE8}") = "assemblies", "assemblies", "{B1E6CF1F-BD69-4A99-981E-9EA903D67456}"
EndProject
Project("{9A19103F-16F7-4668-BE54-9A1E7A4F7556}") = "BinaryStudio.PlatformUI", "assemblies\BinaryStudio.PlatformUI\BinaryStudio.PlatformUI.csproj", "{E78C96D6-EE44-4883-865B-9525408E6BAC}"
EndProject
Project("{9A19103F-16F7-4668-BE54-9A1E7A4F7556}") = "BinaryStudio.DataProcessing", "assemblies\BinaryStudio.DataProcessing\BinaryStudio.DataProcessing.csproj", "{96F2ABF1-2D82-4DFE-AB4F-FC5A27A9B586}"
EndProject
Project("{9A19103F-16F7-4668-BE54-9A1E7A4F7556}") = "shell", "shell\shell.csproj", "{B7D7E5D7-6452-4776-9129-155D3DDEA5ED}"
EndProject
Project("{9A19103F-16F7-4668-BE54-9A1E7A4F7556}") = "BinaryStudio.Diagnostics", "assemblies\BinaryStudio.Diagnostics\BinaryStudio.Diagnostics.csproj", "{4CEEB6E0-DE05-4DD3-8814-584C5CE3E2C8}"
EndProject
Project("{9A19103F-16F7-4668-BE54-9A1E7A4F7556}") = "BinaryStudio.DirectoryServices", "assemblies\BinaryStudio.DirectoryServices\BinaryStudio.DirectoryServices.csproj", "{42B2C30B-B9BB-42DF-AAB6-BB557E7749F5}"
EndProject
Project("{9A19103F-16F7-4668-BE54-9A1E7A4F7556}") = "BinaryStudio.IO", "assemblies\BinaryStudio.IO\BinaryStudio.IO.csproj", "{7A470CB7-5FA9-4424-8F9E-DA485790045F}"
EndProject
Project("{9A19103F-16F7-4668-BE54-9A1E7A4F7556}") = "BinaryStudio.PlatformComponents", "assemblies\BinaryStudio.PlatformComponents\BinaryStudio.PlatformComponents.csproj", "{C20477F0-729F-4625-B496-56B11AE02E6B}"
EndProject
Project("{9A19103F-16F7-4668-BE54-9A1E7A4F7556}") = "BinaryStudio.Security.Cryptography", "assemblies\BinaryStudio.Security.Cryptography\BinaryStudio.Security.Cryptography.csproj", "{727C68C2-8CFF-4D56-B5DC-00F359B88A1B}"
EndProject
Project("{9A19103F-16F7-4668-BE54-9A1E7A4F7556}") = "BinaryStudio.Serialization", "assemblies\BinaryStudio.Serialization\BinaryStudio.Serialization.csproj", "{0FBE7DDF-E527-4023-9A85-6AC8E2368714}"
EndProject
Project("{9A19103F-16F7-4668-BE54-9A1E7A4F7556}") = "BinaryStudio.Security.Cryptography.AbstractSyntaxNotation", "assemblies\BinaryStudio.Security.Cryptography.AbstractSyntaxNotation\BinaryStudio.Security.Cryptography.AbstractSyntaxNotation.csproj", "{0B7AEC07-5746-4A0B-A987-AF90DE6100DF}"
EndProject
Project("{9A19103F-16F7-4668-BE54-9A1E7A4F7556}") = "BinaryStudio.Security.Cryptography.Certificates", "assemblies\BinaryStudio.Security.Cryptography.Certificates\BinaryStudio.Security.Cryptography.Certificates.csproj", "{CDF4B726-43EA-4E5D-A02F-D31D20D3E13E}"
EndProject
Global
	GlobalSection(SolutionConfigurationPlatforms) = preSolution
		Debug|Any CPU = Debug|Any CPU
		Release|Any CPU = Release|Any CPU
	EndGlobalSection
	GlobalSection(ProjectConfigurationPlatforms) = postSolution
		{E78C96D6-EE44-4883-865B-9525408E6BAC}.Debug|Any CPU.ActiveCfg = Debug|Any CPU
		{E78C96D6-EE44-4883-865B-9525408E6BAC}.Debug|Any CPU.Build.0 = Debug|Any CPU
		{E78C96D6-EE44-4883-865B-9525408E6BAC}.Release|Any CPU.ActiveCfg = Release|Any CPU
		{E78C96D6-EE44-4883-865B-9525408E6BAC}.Release|Any CPU.Build.0 = Release|Any CPU
		{96F2ABF1-2D82-4DFE-AB4F-FC5A27A9B586}.Debug|Any CPU.ActiveCfg = Debug|Any CPU
		{96F2ABF1-2D82-4DFE-AB4F-FC5A27A9B586}.Debug|Any CPU.Build.0 = Debug|Any CPU
		{96F2ABF1-2D82-4DFE-AB4F-FC5A27A9B586}.Release|Any CPU.ActiveCfg = Release|Any CPU
		{96F2ABF1-2D82-4DFE-AB4F-FC5A27A9B586}.Release|Any CPU.Build.0 = Release|Any CPU
		{B7D7E5D7-6452-4776-9129-155D3DDEA5ED}.Debug|Any CPU.ActiveCfg = Debug|Any CPU
		{B7D7E5D7-6452-4776-9129-155D3DDEA5ED}.Debug|Any CPU.Build.0 = Debug|Any CPU
		{B7D7E5D7-6452-4776-9129-155D3DDEA5ED}.Release|Any CPU.ActiveCfg = Release|Any CPU
		{B7D7E5D7-6452-4776-9129-155D3DDEA5ED}.Release|Any CPU.Build.0 = Release|Any CPU
		{4CEEB6E0-DE05-4DD3-8814-584C5CE3E2C8}.Debug|Any CPU.ActiveCfg = Debug|Any CPU
		{4CEEB6E0-DE05-4DD3-8814-584C5CE3E2C8}.Debug|Any CPU.Build.0 = Debug|Any CPU
		{4CEEB6E0-DE05-4DD3-8814-584C5CE3E2C8}.Release|Any CPU.ActiveCfg = Release|Any CPU
		{4CEEB6E0-DE05-4DD3-8814-584C5CE3E2C8}.Release|Any CPU.Build.0 = Release|Any CPU
		{42B2C30B-B9BB-42DF-AAB6-BB557E7749F5}.Debug|Any CPU.ActiveCfg = Debug|Any CPU
		{42B2C30B-B9BB-42DF-AAB6-BB557E7749F5}.Debug|Any CPU.Build.0 = Debug|Any CPU
		{42B2C30B-B9BB-42DF-AAB6-BB557E7749F5}.Release|Any CPU.ActiveCfg = Release|Any CPU
		{42B2C30B-B9BB-42DF-AAB6-BB557E7749F5}.Release|Any CPU.Build.0 = Release|Any CPU
		{7A470CB7-5FA9-4424-8F9E-DA485790045F}.Debug|Any CPU.ActiveCfg = Debug|Any CPU
		{7A470CB7-5FA9-4424-8F9E-DA485790045F}.Debug|Any CPU.Build.0 = Debug|Any CPU
		{7A470CB7-5FA9-4424-8F9E-DA485790045F}.Release|Any CPU.ActiveCfg = Release|Any CPU
		{7A470CB7-5FA9-4424-8F9E-DA485790045F}.Release|Any CPU.Build.0 = Release|Any CPU
		{C20477F0-729F-4625-B496-56B11AE02E6B}.Debug|Any CPU.ActiveCfg = Debug|Any CPU
		{C20477F0-729F-4625-B496-56B11AE02E6B}.Debug|Any CPU.Build.0 = Debug|Any CPU
		{C20477F0-729F-4625-B496-56B11AE02E6B}.Release|Any CPU.ActiveCfg = Release|Any CPU
		{C20477F0-729F-4625-B496-56B11AE02E6B}.Release|Any CPU.Build.0 = Release|Any CPU
		{727C68C2-8CFF-4D56-B5DC-00F359B88A1B}.Debug|Any CPU.ActiveCfg = Debug|Any CPU
		{727C68C2-8CFF-4D56-B5DC-00F359B88A1B}.Debug|Any CPU.Build.0 = Debug|Any CPU
		{727C68C2-8CFF-4D56-B5DC-00F359B88A1B}.Release|Any CPU.ActiveCfg = Release|Any CPU
		{727C68C2-8CFF-4D56-B5DC-00F359B88A1B}.Release|Any CPU.Build.0 = Release|Any CPU
		{0FBE7DDF-E527-4023-9A85-6AC8E2368714}.Debug|Any CPU.ActiveCfg = Debug|Any CPU
		{0FBE7DDF-E527-4023-9A85-6AC8E2368714}.Debug|Any CPU.Build.0 = Debug|Any CPU
		{0FBE7DDF-E527-4023-9A85-6AC8E2368714}.Release|Any CPU.ActiveCfg = Release|Any CPU
		{0FBE7DDF-E527-4023-9A85-6AC8E2368714}.Release|Any CPU.Build.0 = Release|Any CPU
		{0B7AEC07-5746-4A0B-A987-AF90DE6100DF}.Debug|Any CPU.ActiveCfg = Debug|Any CPU
		{0B7AEC07-5746-4A0B-A987-AF90DE6100DF}.Debug|Any CPU.Build.0 = Debug|Any CPU
		{0B7AEC07-5746-4A0B-A987-AF90DE6100DF}.Release|Any CPU.ActiveCfg = Release|Any CPU
		{0B7AEC07-5746-4A0B-A987-AF90DE6100DF}.Release|Any CPU.Build.0 = Release|Any CPU
		{CDF4B726-43EA-4E5D-A02F-D31D20D3E13E}.Debug|Any CPU.ActiveCfg = Debug|Any CPU
		{CDF4B726-43EA-4E5D-A02F-D31D20D3E13E}.Debug|Any CPU.Build.0 = Debug|Any CPU
		{CDF4B726-43EA-4E5D-A02F-D31D20D3E13E}.Release|Any CPU.ActiveCfg = Release|Any CPU
		{CDF4B726-43EA-4E5D-A02F-D31D20D3E13E}.Release|Any CPU.Build.0 = Release|Any CPU
	EndGlobalSection
	GlobalSection(SolutionProperties) = preSolution
		HideSolutionNode = FALSE
	EndGlobalSection
	GlobalSection(NestedProjects) = preSolution
		{E78C96D6-EE44-4883-865B-9525408E6BAC} = {B1E6CF1F-BD69-4A99-981E-9EA903D67456}
		{96F2ABF1-2D82-4DFE-AB4F-FC5A27A9B586} = {B1E6CF1F-BD69-4A99-981E-9EA903D67456}
		{4CEEB6E0-DE05-4DD3-8814-584C5CE3E2C8} = {B1E6CF1F-BD69-4A99-981E-9EA903D67456}
		{42B2C30B-B9BB-42DF-AAB6-BB557E7749F5} = {B1E6CF1F-BD69-4A99-981E-9EA903D67456}
		{7A470CB7-5FA9-4424-8F9E-DA485790045F} = {B1E6CF1F-BD69-4A99-981E-9EA903D67456}
		{C20477F0-729F-4625-B496-56B11AE02E6B} = {B1E6CF1F-BD69-4A99-981E-9EA903D67456}
		{727C68C2-8CFF-4D56-B5DC-00F359B88A1B} = {B1E6CF1F-BD69-4A99-981E-9EA903D67456}
		{0FBE7DDF-E527-4023-9A85-6AC8E2368714} = {B1E6CF1F-BD69-4A99-981E-9EA903D67456}
		{0B7AEC07-5746-4A0B-A987-AF90DE6100DF} = {B1E6CF1F-BD69-4A99-981E-9EA903D67456}
		{CDF4B726-43EA-4E5D-A02F-D31D20D3E13E} = {B1E6CF1F-BD69-4A99-981E-9EA903D67456}
	EndGlobalSection
	GlobalSection(ExtensibilityGlobals) = postSolution
		SolutionGuid = {A1470102-A940-48D5-B2FE-92674D2DE414}
	EndGlobalSection
EndGlobal
